
# cargo-vet imports lock

[[publisher.libc]]
version = "0.2.189"
when = "2026-07-21"
user-id = 55123
user-login = "rust-lang-owner"

[[publisher.portable-atomic]]
version = "1.15.0"
when = "2026-08-09"
trusted-publisher = "github:taiki-e/portable-atomic"

[[publisher.rusty_alloc]]
version = "2.2.5"
when = "2026-10-08"
user-id = 427321
user-login = "Ttimmahlax"
user-name = "farmer_timmm"

[[publisher.rusty_alloc-api]]
version = "2.2.5"
when = "2026-10-08"
user-id = 427321
user-login = "Ttimmahlax"
user-name = "farmer_timmm"

[[publisher.windows-sys]]
version = "0.60.2"
when = "2025-06-12"
user-id = 64539
user-login = "kennykerr"
user-name = "Kenny Kerr"

[[publisher.windows-targets]]
version = "0.53.5"
when = "2025-10-06"
user-id = 64539
user-login = "kennykerr"
user-name = "Kenny Kerr"

[[publisher.windows_aarch64_gnullvm]]
version = "0.53.1"
when = "2025-10-06"
user-id = 64539
user-login = "kennykerr"
user-name = "Kenny Kerr"

[[publisher.windows_aarch64_msvc]]
version = "0.53.1"
when = "2025-10-06"
user-id = 64539
user-login = "kennykerr"
user-name = "Kenny Kerr"

[[publisher.windows_i686_gnu]]
version = "0.53.1"
when = "2025-10-06"
user-id = 64539
user-login = "kennykerr"
user-name = "Kenny Kerr"

[[publisher.windows_i686_gnullvm]]
version = "0.53.1"
when = "2025-10-06"
user-id = 64539
user-login = "kennykerr"
user-name = "Kenny Kerr"

[[publisher.windows_i686_msvc]]
version = "0.53.1"
when = "2025-10-06"
user-id = 64539
user-login = "kennykerr"
user-name = "Kenny Kerr"

[[publisher.windows_x86_64_gnu]]
version = "0.53.1"
when = "2025-10-06"
user-id = 64539
user-login = "kennykerr"
user-name = "Kenny Kerr"

[[publisher.windows_x86_64_gnullvm]]
version = "0.53.1"
when = "2025-10-06"
user-id = 64539
user-login = "kennykerr"
user-name = "Kenny Kerr"

[[publisher.windows_x86_64_msvc]]
version = "0.53.1"
when = "2025-10-06"
user-id = 64539
user-login = "kennykerr"
user-name = "Kenny Kerr"

[audits.ariel-os.audits]

[audits.bytecode-alliance.audits]

[audits.embark-studios.audits]

[audits.google.audits]

[audits.isrg.audits]

[[audits.mozilla.audits.windows-link]]
who = "Mark Hammond <mhammond@skippinet.com.au>"
criteria = "safe-to-deploy"
version = "0.1.1"
notes = "A microsoft crate allowing unsafe calls to windows apis."
aggregated-from = "https://raw.githubusercontent.com/mozilla-firefox/firefox/main/supply-chain/audits.toml"

[[audits.mozilla.audits.windows-link]]
who = "Erich Gubler <erichdongubler@gmail.com>"
criteria = "safe-to-deploy"
delta = "0.1.1 -> 0.2.0"
aggregated-from = "https://raw.githubusercontent.com/mozilla-firefox/firefox/main/supply-chain/audits.toml"

[[audits.zcash.audits.windows-link]]
who = "Jack Grigg <jack@electriccoin.co>"
criteria = "safe-to-deploy"
delta = "0.2.0 -> 0.2.1"
notes = "No code changes at all."
aggregated-from = "https://raw.githubusercontent.com/zcash/librustzcash/main/supply-chain/audits.toml"
